
Microsoft Visual Studio Solution File, Format Version 12.00
# Visual Studio Version 16
VisualStudioVersion = 16.0.32413.511
MinimumVisualStudioVersion = 10.0.40219.1
Project("{9A19103F-16F7-4668-BE54-9A1E7A4F7556}") = "backend", "backend.csproj", "{5B06A5C4-814D-4932-AC1C-27C069D7E569}"
EndProject
Global
	GlobalSection(SolutionConfigurationPlatforms) = preSolution
		Debug|Any CPU = Debug|Any CPU
		Release|Any CPU = Release|Any CPU
	EndGlobalSection
	GlobalSection(ProjectConfigurationPlatforms) = postSolution
		{5B06A5C4-814D-4932-AC1C-27C069D7E569}.Debug|Any CPU.ActiveCfg = Debug|Any CPU
		{5B06A5C4-814D-4932-AC1C-27C069D7E569}.Debug|Any CPU.Build.0 = Debug|Any CPU
		{5B06A5C4-814D-4932-AC1C-27C069D7E569}.Release|Any CPU.ActiveCfg = Release|Any CPU
		{5B06A5C4-814D-4932-AC1C-27C069D7E569}.Release|Any CPU.Build.0 = Release|Any CPU
	EndGlobalSection
	GlobalSection(SolutionProperties) = preSolution
		HideSolutionNode = FALSE
	EndGlobalSection
	GlobalSection(ExtensibilityGlobals) = postSolution
		SolutionGuid = {A9EEF360-ED1C-42AA-B9B8-8806B8EB53AC}
	EndGlobalSection
EndGlobal
